// !$*UTF8*$!
{
	archiveVersion = 1;
	classes = {
	};
	objectVersion = 46;
	objects = {

/* Begin PBXBuildFile section */
		4C4E5E82176F831700B2DF62 /* Foundation.framework in Frameworks */ = {isa = PBXBuildFile; fileRef = 4C4E5E81176F831700B2DF62 /* Foundation.framework */; };
		4C4E5E84176F831700B2DF62 /* CoreGraphics.framework in Frameworks */ = {isa = PBXBuildFile; fileRef = 4C4E5E83176F831700B2DF62 /* CoreGraphics.framework */; };
		4C4E5E86176F831700B2DF62 /* UIKit.framework in Frameworks */ = {isa = PBXBuildFile; fileRef = 4C4E5E85176F831700B2DF62 /* UIKit.framework */; };
		4C4E5E8C176F831700B2DF62 /* InfoPlist.strings in Resources */ = {isa = PBXBuildFile; fileRef = 4C4E5E8A176F831700B2DF62 /* InfoPlist.strings */; };
		4C4E5E8E176F831700B2DF62 /* main.m in Sources */ = {isa = PBXBuildFile; fileRef = 4C4E5E8D176F831700B2DF62 /* main.m */; };
		4C4E5E92176F831700B2DF62 /* AppDelegate.m in Sources */ = {isa = PBXBuildFile; fileRef = 4C4E5E91176F831700B2DF62 /* AppDelegate.m */; };
		4C4E5E94176F831700B2DF62 /* Images.xcassets in Resources */ = {isa = PBXBuildFile; fileRef = 4C4E5E93176F831700B2DF62 /* Images.xcassets */; };
		4C4E5E9B176F831700B2DF62 /* XCTest.framework in Frameworks */ = {isa = PBXBuildFile; fileRef = 4C4E5E9A176F831700B2DF62 /* XCTest.framework */; };
		4C4E5E9C176F831700B2DF62 /* Foundation.framework in Frameworks */ = {isa = PBXBuildFile; fileRef = 4C4E5E81176F831700B2DF62 /* Foundation.framework */; };
		4C4E5E9D176F831700B2DF62 /* UIKit.framework in Frameworks */ = {isa = PBXBuildFile; fileRef = 4C4E5E85176F831700B2DF62 /* UIKit.framework */; };
		4C4E5EA5176F831700B2DF62 /* InfoPlist.strings in Resources */ = {isa = PBXBuildFile; fileRef = 4C4E5EA3176F831700B2DF62 /* InfoPlist.strings */; };
		4C4E5EA7176F831700B2DF62 /* AbcProjectTests.m in Sources */ = {isa = PBXBuildFile; fileRef = 4C4E5EA6176F831700B2DF62 /* AbcProjectTests.m */; };
/* End PBXBuildFile section */

/* Begin PBXContainerItemProxy section */
		4C4E5E9E176F831700B2DF62 /* PBXContainerItemProxy */ = {
			isa = PBXContainerItemProxy;
			containerPortal = 4C4E5E76176F831700B2DF62 /* Project object */;
			proxyType = 1;
			remoteGlobalIDString = 4C4E5E7D176F831700B2DF62;
			remoteInfo = AbcProject;
		};
/* End PBXContainerItemProxy section */

/* Begin PBXFileReference section */
		4C4E5E7E176F831700B2DF62 /* AbcProject.app */ = {isa = PBXFileReference; explicitFileType = wrapper.application; includeInIndex = 0; path = AbcProject.app; sourceTree = BUILT_PRODUCTS_DIR; };
		4C4E5E81176F831700B2DF62 /* Foundation.framework */ = {isa = PBXFileReference; lastKnownFileType = wrapper.framework; name = Foundation.framework; path = System/Library/Frameworks/Foundation.framework; sourceTree = SDKROOT; };
		4C4E5E83176F831700B2DF62 /* CoreGraphics.framework */ = {isa = PBXFileReference; lastKnownFileType = wrapper.framework; name = CoreGraphics.framework; path = System/Library/Frameworks/CoreGraphics.framework; sourceTree = SDKROOT; };
		4C4E5E85176F831700B2DF62 /* UIKit.framework */ = {isa = PBXFileReference; lastKnownFileType = wrapper.framework; name = UIKit.framework; path = System/Library/Frameworks/UIKit.framework; sourceTree = SDKROOT; };
		4C4E5E89176F831700B2DF62 /* AbcProject-Info.plist */ = {isa = PBXFileReference; lastKnownFileType = text.plist.xml; path = "AbcProject-Info.plist"; sourceTree = "<group>"; };
		4C4E5E8B176F831700B2DF62 /* en */ = {isa = PBXFileReference; lastKnownFileType = text.plist.strings; name = en; path = en.lproj/InfoPlist.strings; sourceTree = "<group>"; };
		4C4E5E8D176F831700B2DF62 /* main.m */ = {isa = PBXFileReference; lastKnownFileType = sourcecode.c.objc; path = main.m; sourceTree = "<group>"; };
		4C4E5E8F176F831700B2DF62 /* AbcProject-Prefix.pch */ = {isa = PBXFileReference; lastKnownFileType = sourcecode.c.h; path = "AbcProject-Prefix.pch"; sourceTree = "<group>"; };
		4C4E5E90176F831700B2DF62 /* AppDelegate.h */ = {isa = PBXFileReference; lastKnownFileType = sourcecode.c.h; path = AppDelegate.h; sourceTree = "<group>"; };
		4C4E5E91176F831700B2DF62 /* AppDelegate.m */ = {isa = PBXFileReference; lastKnownFileType = sourcecode.c.objc; path = AppDelegate.m; sourceTree = "<group>"; };
		4C4E5E93176F831700B2DF62 /* Images.xcassets */ = {isa = PBXFileReference; lastKnownFileType = folder.assetcatalog; path = Images.xcassets; sourceTree = "<group>"; };
		4C4E5E99176F831700B2DF62 /* AbcProjectTests.xctest */ = {isa = PBXFileReference; explicitFileType = wrapper.cfbundle; includeInIndex = 0; path = AbcProjectTests.xctest; sourceTree = BUILT_PRODUCTS_DIR; };
		4C4E5E9A176F831700B2DF62 /* XCTest.framework */ = {isa = PBXFileReference; lastKnownFileType = wrapper.framework; name = XCTest.framework; path = Library/Frameworks/XCTest.framework; sourceTree = DEVELOPER_DIR; };
		4C4E5EA2176F831700B2DF62 /* AbcProjectTests-Info.plist */ = {isa = PBXFileReference; lastKnownFileType = text.plist.xml; path = "AbcProjectTests-Info.plist"; sourceTree = "<group>"; };
		4C4E5EA4176F831700B2DF62 /* en */ = {isa = PBXFileReference; lastKnownFileType = text.plist.strings; name = en; path = en.lproj/InfoPlist.strings; sourceTree = "<group>"; };
		4C4E5EA6176F831700B2DF62 /* AbcProjectTests.m */ = {isa = PBXFileReference; lastKnownFileType = sourcecode.c.objc; path = AbcProjectTests.m; sourceTree = "<group>"; };
/* End PBXFileReference section */

/* Begin PBXFrameworksBuildPhase section */
		4C4E5E7B176F831700B2DF62 /* Frameworks */ = {
			isa = PBXFrameworksBuildPhase;
			buildActionMask = 2147483647;
			files = (
				4C4E5E84176F831700B2DF62 /* CoreGraphics.framework in Frameworks */,
				4C4E5E86176F831700B2DF62 /* UIKit.framework in Frameworks */,
				4C4E5E82176F831700B2DF62 /* Foundation.framework in Frameworks */,
			);
			runOnlyForDeploymentPostprocessing = 0;
		};
		4C4E5E96176F831700B2DF62 /* Frameworks */ = {
			isa = PBXFrameworksBuildPhase;
			buildActionMask = 2147483647;
			files = (
				4C4E5E9B176F831700B2DF62 /* XCTest.framework in Frameworks */,
				4C4E5E9D176F831700B2DF62 /* UIKit.framework in Frameworks */,
				4C4E5E9C176F831700B2DF62 /* Foundation.framework in Frameworks */,
			);
			runOnlyForDeploymentPostprocessing = 0;
		};
/* End PBXFrameworksBuildPhase section */

/* Begin PBXGroup section */
		4C4E5E75176F831700B2DF62 = {
			isa = PBXGroup;
			children = (
				4C4E5E87176F831700B2DF62 /* AbcProject */,
				4C4E5EA0176F831700B2DF62 /* AbcProjectTests */,
				4C4E5E80176F831700B2DF62 /* Frameworks */,
				4C4E5E7F176F831700B2DF62 /* Products */,
			);
			sourceTree = "<group>";
		};
		4C4E5E7F176F831700B2DF62 /* Products */ = {
			isa = PBXGroup;
			children = (
				4C4E5E7E176F831700B2DF62 /* AbcProject.app */,
				4C4E5E99176F831700B2DF62 /* AbcProjectTests.xctest */,
			);
			name = Products;
			sourceTree = "<group>";
		};
		4C4E5E80176F831700B2DF62 /* Frameworks */ = {
			isa = PBXGroup;
			children = (
				4C4E5E81176F831700B2DF62 /* Foundation.framework */,
				4C4E5E83176F831700B2DF62 /* CoreGraphics.framework */,
				4C4E5E85176F831700B2DF62 /* UIKit.framework */,
				4C4E5E9A176F831700B2DF62 /* XCTest.framework */,
			);
			name = Frameworks;
			sourceTree = "<group>";
		};
		4C4E5E87176F831700B2DF62 /* AbcProject */ = {
			isa = PBXGroup;
			children = (
				4C4E5E90176F831700B2DF62 /* AppDelegate.h */,
				4C4E5E91176F831700B2DF62 /* AppDelegate.m */,
				4C4E5E93176F831700B2DF62 /* Images.xcassets */,
				4C4E5E88176F831700B2DF62 /* Supporting Files */,
			);
			path = AbcProject;
			sourceTree = "<group>";
		};
		4C4E5E88176F831700B2DF62 /* Supporting Files */ = {
			isa = PBXGroup;
			children = (
				4C4E5E89176F831700B2DF62 /* AbcProject-Info.plist */,
				4C4E5E8A176F831700B2DF62 /* InfoPlist.strings */,
				4C4E5E8D176F831700B2DF62 /* main.m */,
				4C4E5E8F176F831700B2DF62 /* AbcProject-Prefix.pch */,
			);
			name = "Supporting Files";
			sourceTree = "<group>";
		};
		4C4E5EA0176F831700B2DF62 /* AbcProjectTests */ = {
			isa = PBXGroup;
			children = (
				4C4E5EA6176F831700B2DF62 /* AbcProjectTests.m */,
				4C4E5EA1176F831700B2DF62 /* Supporting Files */,
			);
			path = AbcProjectTests;
			sourceTree = "<group>";
		};
		4C4E5EA1176F831700B2DF62 /* Supporting Files */ = {
			isa = PBXGroup;
			children = (
				4C4E5EA2176F831700B2DF62 /* AbcProjectTests-Info.plist */,
				4C4E5EA3176F831700B2DF62 /* InfoPlist.strings */,
			);
			name = "Supporting Files";
			sourceTree = "<group>";
		};
/* End PBXGroup section */

/* Begin PBXNativeTarget section */
		4C4E5E7D176F831700B2DF62 /* AbcProject */ = {
			isa = PBXNativeTarget;
			buildConfigurationList = 4C4E5EAA176F831700B2DF62 /* Build configuration list for PBXNativeTarget "AbcProject" */;
			buildPhases = (
				4C4E5E7A176F831700B2DF62 /* Sources */,
				4C4E5E7B176F831700B2DF62 /* Frameworks */,
				4C4E5E7C176F831700B2DF62 /* Resources */,
			);
			buildRules = (
			);
			dependencies = (
			);
			name = AbcProject;
			productName = AbcProject;
			productReference = 4C4E5E7E176F831700B2DF62 /* AbcProject.app */;
			productType = "com.apple.product-type.application";
		};
		4C4E5E98176F831700B2DF62 /* AbcProjectTests */ = {
			isa = PBXNativeTarget;
			buildConfigurationList = 4C4E5EAD176F831700B2DF62 /* Build configuration list for PBXNativeTarget "AbcProjectTests" */;
			buildPhases = (
				4C4E5E95176F831700B2DF62 /* Sources */,
				4C4E5E96176F831700B2DF62 /* Frameworks */,
				4C4E5E97176F831700B2DF62 /* Resources */,
			);
			buildRules = (
			);
			dependencies = (
				4C4E5E9F176F831700B2DF62 /* PBXTargetDependency */,
			);
			name = AbcProjectTests;
			productName = AbcProjectTests;
			productReference = 4C4E5E99176F831700B2DF62 /* AbcProjectTests.xctest */;
			productType = "com.apple.product-type.bundle.unit-test";
		};
/* End PBXNativeTarget section */

/* Begin PBXProject section */
		4C4E5E76176F831700B2DF62 /* Project object */ = {
			isa = PBXProject;
			attributes = {
				LastUpgradeCheck = 0500;
				ORGANIZATIONNAME = "Hung FPT";
				TargetAttributes = {
					4C4E5E98176F831700B2DF62 = {
						TestTargetID = 4C4E5E7D176F831700B2DF62;
					};
				};
			};
			buildConfigurationList = 4C4E5E79176F831700B2DF62 /* Build configuration list for PBXProject "AbcProject" */;
			compatibilityVersion = "Xcode 3.2";
			developmentRegion = English;
			hasScannedForEncodings = 0;
			knownRegions = (
				en,
			);
			mainGroup = 4C4E5E75176F831700B2DF62;
			productRefGroup = 4C4E5E7F176F831700B2DF62 /* Products */;
			projectDirPath = "";
			projectRoot = "";
			targets = (
				4C4E5E7D176F831700B2DF62 /* AbcProject */,
				4C4E5E98176F831700B2DF62 /* AbcProjectTests */,
			);
		};
/* End PBXProject section */

/* Begin PBXResourcesBuildPhase section */
		4C4E5E7C176F831700B2DF62 /* Resources */ = {
			isa = PBXResourcesBuildPhase;
			buildActionMask = 2147483647;
			files = (
				4C4E5E8C176F831700B2DF62 /* InfoPlist.strings in Resources */,
				4C4E5E94176F831700B2DF62 /* Images.xcassets in Resources */,
			);
			runOnlyForDeploymentPostprocessing = 0;
		};
		4C4E5E97176F831700B2DF62 /* Resources */ = {
			isa = PBXResourcesBuildPhase;
			buildActionMask = 2147483647;
			files = (
				4C4E5EA5176F831700B2DF62 /* InfoPlist.strings in Resources */,
			);
			runOnlyForDeploymentPostprocessing = 0;
		};
/* End PBXResourcesBuildPhase section */

/* Begin PBXSourcesBuildPhase section */
		4C4E5E7A176F831700B2DF62 /* Sources */ = {
			isa = PBXSourcesBuildPhase;
			buildActionMask = 2147483647;
			files = (
				4C4E5E92176F831700B2DF62 /* AppDelegate.m in Sources */,
				4C4E5E8E176F831700B2DF62 /* main.m in Sources */,
			);
			runOnlyForDeploymentPostprocessing = 0;
		};
		4C4E5E95176F831700B2DF62 /* Sources */ = {
			isa = PBXSourcesBuildPhase;
			buildActionMask = 2147483647;
			files = (
				4C4E5EA7176F831700B2DF62 /* AbcProjectTests.m in Sources */,
			);
			runOnlyForDeploymentPostprocessing = 0;
		};
/* End PBXSourcesBuildPhase section */

/* Begin PBXTargetDependency section */
		4C4E5E9F176F831700B2DF62 /* PBXTargetDependency */ = {
			isa = PBXTargetDependency;
			target = 4C4E5E7D176F831700B2DF62 /* AbcProject */;
			targetProxy = 4C4E5E9E176F831700B2DF62 /* PBXContainerItemProxy */;
		};
/* End PBXTargetDependency section */

/* Begin PBXVariantGroup section */
		4C4E5E8A176F831700B2DF62 /* InfoPlist.strings */ = {
			isa = PBXVariantGroup;
			children = (
				4C4E5E8B176F831700B2DF62 /* en */,
			);
			name = InfoPlist.strings;
			sourceTree = "<group>";
		};
		4C4E5EA3176F831700B2DF62 /* InfoPlist.strings */ = {
			isa = PBXVariantGroup;
			children = (
				4C4E5EA4176F831700B2DF62 /* en */,
			);
			name = InfoPlist.strings;
			sourceTree = "<group>";
		};
/* End PBXVariantGroup section */

/* Begin XCBuildConfiguration section */
		4C4E5EA8176F831700B2DF62 /* Debug */ = {
			isa = XCBuildConfiguration;
			buildSettings = {
				ALWAYS_SEARCH_USER_PATHS = NO;
				CLANG_CXX_LANGUAGE_STANDARD = "gnu++0x";
				CLANG_CXX_LIBRARY = "libc++";
				CLANG_ENABLE_MODULES = YES;
				CLANG_ENABLE_OBJC_ARC = YES;
				CLANG_WARN_BOOL_CONVERSION = YES;
				CLANG_WARN_CONSTANT_CONVERSION = YES;
				CLANG_WARN_DIRECT_OBJC_ISA_USAGE = YES_ERROR;
				CLANG_WARN_EMPTY_BODY = YES;
				CLANG_WARN_ENUM_CONVERSION = YES;
				CLANG_WARN_INT_CONVERSION = YES;
				CLANG_WARN_OBJC_ROOT_CLASS = YES_ERROR;
				CLANG_WARN__DUPLICATE_METHOD_MATCH = YES;
				"CODE_SIGN_IDENTITY[sdk=iphoneos*]" = "iPhone Developer";
				COPY_PHASE_STRIP = NO;
				GCC_C_LANGUAGE_STANDARD = gnu99;
				GCC_DYNAMIC_NO_PIC = NO;
				GCC_OPTIMIZATION_LEVEL = 0;
				GCC_PREPROCESSOR_DEFINITIONS = (
					"DEBUG=1",
					"$(inherited)",
				);
				GCC_SYMBOLS_PRIVATE_EXTERN = NO;
				GCC_WARN_ABOUT_RETURN_TYPE = YES_ERROR;
				GCC_WARN_UNDECLARED_SELECTOR = YES;
				GCC_WARN_UNINITIALIZED_AUTOS = YES;
				GCC_WARN_UNUSED_FUNCTION = YES;
				GCC_WARN_UNUSED_VARIABLE = YES;
				IPHONEOS_DEPLOYMENT_TARGET = 7.0;
				ONLY_ACTIVE_ARCH = YES;
				SDKROOT = iphoneos;
				TARGETED_DEVICE_FAMILY = "1,2";
			};
			name = Debug;
		};
		4C4E5EA9176F831700B2DF62 /* Release */ = {
			isa = XCBuildConfiguration;
			buildSettings = {
				ALWAYS_SEARCH_USER_PATHS = NO;
				CLANG_CXX_LANGUAGE_STANDARD = "gnu++0x";
				CLANG_CXX_LIBRARY = "libc++";
				CLANG_ENABLE_MODULES = YES;
				CLANG_ENABLE_OBJC_ARC = YES;
				CLANG_WARN_BOOL_CONVERSION = YES;
				CLANG_WARN_CONSTANT_CONVERSION = YES;
				CLANG_WARN_DIRECT_OBJC_ISA_USAGE = YES_ERROR;
				CLANG_WARN_EMPTY_BODY = YES;
				CLANG_WARN_ENUM_CONVERSION = YES;
				CLANG_WARN_INT_CONVERSION = YES;
				CLANG_WARN_OBJC_ROOT_CLASS = YES_ERROR;
				CLANG_WARN__DUPLICATE_METHOD_MATCH = YES;
				"CODE_SIGN_IDENTITY[sdk=iphoneos*]" = "iPhone Developer";
				COPY_PHASE_STRIP = YES;
				ENABLE_NS_ASSERTIONS = NO;
				GCC_C_LANGUAGE_STANDARD = gnu99;
				GCC_WARN_ABOUT_RETURN_TYPE = YES_ERROR;
				GCC_WARN_UNDECLARED_SELECTOR = YES;
				GCC_WARN_UNINITIALIZED_AUTOS = YES;
				GCC_WARN_UNUSED_FUNCTION = YES;
				GCC_WARN_UNUSED_VARIABLE = YES;
				IPHONEOS_DEPLOYMENT_TARGET = 7.0;
				SDKROOT = iphoneos;
				TARGETED_DEVICE_FAMILY = "1,2";
				VALIDATE_PRODUCT = YES;
			};
			name = Release;
		};
		4C4E5EAB176F831700B2DF62 /* Debug */ = {
			isa = XCBuildConfiguration;
			buildSettings = {
				ASSETCATALOG_COMPILER_APPICON_NAME = AppIcon;
				ASSETCATALOG_COMPILER_LAUNCHIMAGE_NAME = LaunchImage;
				GCC_PRECOMPILE_PREFIX_HEADER = YES;
				GCC_PREFIX_HEADER = "AbcProject/AbcProject-Prefix.pch";
				INFOPLIST_FILE = "AbcProject/AbcProject-Info.plist";
				PRODUCT_NAME = "$(TARGET_NAME)";
				WRAPPER_EXTENSION = app;
			};
			name = Debug;
		};
		4C4E5EAC176F831700B2DF62 /* Release */ = {
			isa = XCBuildConfiguration;
			buildSettings = {
				ASSETCATALOG_COMPILER_APPICON_NAME = AppIcon;
				ASSETCATALOG_COMPILER_LAUNCHIMAGE_NAME = LaunchImage;
				GCC_PRECOMPILE_PREFIX_HEADER = YES;
				GCC_PREFIX_HEADER = "AbcProject/AbcProject-Prefix.pch";
				INFOPLIST_FILE = "AbcProject/AbcProject-Info.plist";
				PRODUCT_NAME = "$(TARGET_NAME)";
				WRAPPER_EXTENSION = app;
			};
			name = Release;
		};
		4C4E5EAE176F831700B2DF62 /* Debug */ = {
			isa = XCBuildConfiguration;
			buildSettings = {
				BUNDLE_LOADER = "$(BUILT_PRODUCTS_DIR)/AbcProject.app/AbcProject";
				FRAMEWORK_SEARCH_PATHS = (
					"$(SDKROOT)/Developer/Library/Frameworks",
					"$(inherited)",
					"$(SYSTEM_APPS_DIR)/Xcode5-DP.app/Contents/Developer/Library/Frameworks",
				);
				GCC_PRECOMPILE_PREFIX_HEADER = YES;
				GCC_PREFIX_HEADER = "AbcProject/AbcProject-Prefix.pch";
				GCC_PREPROCESSOR_DEFINITIONS = (
					"DEBUG=1",
					"$(inherited)",
				);
				INFOPLIST_FILE = "AbcProjectTests/AbcProjectTests-Info.plist";
				PRODUCT_NAME = "$(TARGET_NAME)";
				TEST_HOST = "$(BUNDLE_LOADER)";
				WRAPPER_EXTENSION = xctest;
			};
			name = Debug;
		};
		4C4E5EAF176F831700B2DF62 /* Release */ = {
			isa = XCBuildConfiguration;
			buildSettings = {
				BUNDLE_LOADER = "$(BUILT_PRODUCTS_DIR)/AbcProject.app/AbcProject";
				FRAMEWORK_SEARCH_PATHS = (
					"$(SDKROOT)/Developer/Library/Frameworks",
					"$(inherited)",
					"$(SYSTEM_APPS_DIR)/Xcode5-DP.app/Contents/Developer/Library/Frameworks",
				);
				GCC_PRECOMPILE_PREFIX_HEADER = YES;
				GCC_PREFIX_HEADER = "AbcProject/AbcProject-Prefix.pch";
				INFOPLIST_FILE = "AbcProjectTests/AbcProjectTests-Info.plist";
				PRODUCT_NAME = "$(TARGET_NAME)";
				TEST_HOST = "$(BUNDLE_LOADER)";
				WRAPPER_EXTENSION = xctest;
			};
			name = Release;
		};
/* End XCBuildConfiguration section */

/* Begin XCConfigurationList section */
		4C4E5E79176F831700B2DF62 /* Build configuration list for PBXProject "AbcProject" */ = {
			isa = XCConfigurationList;
			buildConfigurations = (
				4C4E5EA8176F831700B2DF62 /* Debug */,
				4C4E5EA9176F831700B2DF62 /* Release */,
			);
			defaultConfigurationIsVisible = 0;
			defaultConfigurationName = Release;
		};
		4C4E5EAA176F831700B2DF62 /* Build configuration list for PBXNativeTarget "AbcProject" */ = {
			isa = XCConfigurationList;
			buildConfigurations = (
				4C4E5EAB176F831700B2DF62 /* Debug */,
				4C4E5EAC176F831700B2DF62 /* Release */,
			);
			defaultConfigurationIsVisible = 0;
		};
		4C4E5EAD176F831700B2DF62 /* Build configuration list for PBXNativeTarget "AbcProjectTests" */ = {
			isa = XCConfigurationList;
			buildConfigurations = (
				4C4E5EAE176F831700B2DF62 /* Debug */,
				4C4E5EAF176F831700B2DF62 /* Release */,
			);
			defaultConfigurationIsVisible = 0;
		};
/* End XCConfigurationList section */
	};
	rootObject = 4C4E5E76176F831700B2DF62 /* Project object */;
}
